
Microsoft Visual Studio Solution File, Format Version 12.00
# Visual Studio Version 16
VisualStudioVersion = 16.0.33927.289
MinimumVisualStudioVersion = 10.0.40219.1
Project("{FAE04EC0-301F-11D3-BF4B-00C04F79EFBC}") = "Imposto de Renda", "ConsoleApp1\Imposto de Renda.csproj", "{E2C5CF65-1EA5-4880-9D49-DF60C9410EAE}"
EndProject
Global
	GlobalSection(SolutionConfigurationPlatforms) = preSolution
		Debug|Any CPU = Debug|Any CPU
		Release|Any CPU = Release|Any CPU
	EndGlobalSection
	GlobalSection(ProjectConfigurationPlatforms) = postSolution
		{E2C5CF65-1EA5-4880-9D49-DF60C9410EAE}.Debug|Any CPU.ActiveCfg = Debug|Any CPU
		{E2C5CF65-1EA5-4880-9D49-DF60C9410EAE}.Debug|Any CPU.Build.0 = Debug|Any CPU
		{E2C5CF65-1EA5-4880-9D49-DF60C9410EAE}.Release|Any CPU.ActiveCfg = Release|Any CPU
		{E2C5CF65-1EA5-4880-9D49-DF60C9410EAE}.Release|Any CPU.Build.0 = Release|Any CPU
	EndGlobalSection
	GlobalSection(SolutionProperties) = preSolution
		HideSolutionNode = FALSE
	EndGlobalSection
	GlobalSection(ExtensibilityGlobals) = postSolution
		SolutionGuid = {89358932-DFAB-4153-AC2E-63B33C19330F}
	EndGlobalSection
EndGlobal
